
Microsoft Visual Studio Solution File, Format Version 12.00
# Visual Studio 15
VisualStudioVersion = 15.0.28010.2046
MinimumVisualStudioVersion = 10.0.40219.1
Project("{FAE04EC0-301F-11D3-BF4B-00C04F79EFBC}") = "Kvalitet1", "Kvalitet1\Kvalitet1.csproj", "{93AB2128-97BB-466B-A449-CE91DB6DCF76}"
EndProject
Project("{FAE04EC0-301F-11D3-BF4B-00C04F79EFBC}") = "KvalitetLibrary", "KvalitetLibrary\KvalitetLibrary.csproj", "{97AD4694-C0DA-462A-8B3E-BC76255C8538}"
EndProject
Global
	GlobalSection(SolutionConfigurationPlatforms) = preSolution
		Debug|Any CPU = Debug|Any CPU
		Release|Any CPU = Release|Any CPU
	EndGlobalSection
	GlobalSection(ProjectConfigurationPlatforms) = postSolution
		{93AB2128-97BB-466B-A449-CE91DB6DCF76}.Debug|Any CPU.ActiveCfg = Debug|Any CPU
		{93AB2128-97BB-466B-A449-CE91DB6DCF76}.Debug|Any CPU.Build.0 = Debug|Any CPU
		{93AB2128-97BB-466B-A449-CE91DB6DCF76}.Release|Any CPU.ActiveCfg = Release|Any CPU
		{93AB2128-97BB-466B-A449-CE91DB6DCF76}.Release|Any CPU.Build.0 = Release|Any CPU
		{97AD4694-C0DA-462A-8B3E-BC76255C8538}.Debug|Any CPU.ActiveCfg = Debug|Any CPU
		{97AD4694-C0DA-462A-8B3E-BC76255C8538}.Debug|Any CPU.Build.0 = Debug|Any CPU
		{97AD4694-C0DA-462A-8B3E-BC76255C8538}.Release|Any CPU.ActiveCfg = Release|Any CPU
		{97AD4694-C0DA-462A-8B3E-BC76255C8538}.Release|Any CPU.Build.0 = Release|Any CPU
	EndGlobalSection
	GlobalSection(SolutionProperties) = preSolution
		HideSolutionNode = FALSE
	EndGlobalSection
	GlobalSection(ExtensibilityGlobals) = postSolution
		SolutionGuid = {05345031-E575-4590-9B42-CC1667C70D00}
	EndGlobalSection
EndGlobal
